# This file is autogenerated, do not edit; changes may be undone by the next 'dep ensure'.


[[projects]]
  name = "github.com/adam-hanna/arrayOperations"
  packages = ["."]
  revision = "c25e9f1881f2aee7b97b758fd93e6879debd6867"
  version = "v0.2.4"

[solve-meta]
  analyzer-name = "dep"
  analyzer-version = 1
  inputs-digest = "28eeb35e8b17a61ad3bc027d794203276c597b59313da50dc27636651061bcb0"
  solver-name = "gps-cdcl"
  solver-version = 1
